
Microsoft Visual Studio Solution File, Format Version 12.00
# Visual Studio Version 16
VisualStudioVersion = 25.0.1706.7
MinimumVisualStudioVersion = 10.0.40219.1
Project("{FAE04EC0-301F-11D3-BF4B-00C04F79EFBC}") = "MidtermApp", "MidtermApp.csproj", "{1C221F08-B256-4A25-B70C-2F6F9DE6C84A}"
EndProject
Global
	GlobalSection(SolutionConfigurationPlatforms) = preSolution
		Debug|Any CPU = Debug|Any CPU
		Release|Any CPU = Release|Any CPU
	EndGlobalSection
	GlobalSection(ProjectConfigurationPlatforms) = postSolution
		{1C221F08-B256-4A25-B70C-2F6F9DE6C84A}.Debug|Any CPU.ActiveCfg = Debug|Any CPU
		{1C221F08-B256-4A25-B70C-2F6F9DE6C84A}.Debug|Any CPU.Build.0 = Debug|Any CPU
		{1C221F08-B256-4A25-B70C-2F6F9DE6C84A}.Release|Any CPU.ActiveCfg = Release|Any CPU
		{1C221F08-B256-4A25-B70C-2F6F9DE6C84A}.Release|Any CPU.Build.0 = Release|Any CPU
	EndGlobalSection
	GlobalSection(SolutionProperties) = preSolution
		HideSolutionNode = FALSE
	EndGlobalSection
	GlobalSection(ExtensibilityGlobals) = postSolution
		SolutionGuid = {55D06F7D-0BF4-4D00-846D-02222D95670E}
	EndGlobalSection
EndGlobal
